
Microsoft Visual Studio Solution File, Format Version 12.00
# Visual Studio Version 17
VisualStudioVersion = 17.5.33414.496
MinimumVisualStudioVersion = 10.0.40219.1
Project("{8BC9CEB8-8B4A-11D0-8D11-00A0C91BC942}") = "E7.01-0&1package", "E7.01-0&1package.vcxproj", "{B1FC4832-DA0C-48D8-A91E-E888CB5957E0}"
EndProject
Global
	GlobalSection(SolutionConfigurationPlatforms) = preSolution
		Debug|x64 = Debug|x64
		Debug|x86 = Debug|x86
		Release|x64 = Release|x64
		Release|x86 = Release|x86
	EndGlobalSection
	GlobalSection(ProjectConfigurationPlatforms) = postSolution
		{B1FC4832-DA0C-48D8-A91E-E888CB5957E0}.Debug|x64.ActiveCfg = Debug|x64
		{B1FC4832-DA0C-48D8-A91E-E888CB5957E0}.Debug|x64.Build.0 = Debug|x64
		{B1FC4832-DA0C-48D8-A91E-E888CB5957E0}.Debug|x86.ActiveCfg = Debug|Win32
		{B1FC4832-DA0C-48D8-A91E-E888CB5957E0}.Debug|x86.Build.0 = Debug|Win32
		{B1FC4832-DA0C-48D8-A91E-E888CB5957E0}.Release|x64.ActiveCfg = Release|x64
		{B1FC4832-DA0C-48D8-A91E-E888CB5957E0}.Release|x64.Build.0 = Release|x64
		{B1FC4832-DA0C-48D8-A91E-E888CB5957E0}.Release|x86.ActiveCfg = Release|Win32
		{B1FC4832-DA0C-48D8-A91E-E888CB5957E0}.Release|x86.Build.0 = Release|Win32
	EndGlobalSection
	GlobalSection(SolutionProperties) = preSolution
		HideSolutionNode = FALSE
	EndGlobalSection
	GlobalSection(ExtensibilityGlobals) = postSolution
		SolutionGuid = {5E2AA90D-D45B-45CD-9C22-E255F5E7D791}
	EndGlobalSection
EndGlobal
