
Microsoft Visual Studio Solution File, Format Version 12.00
# Visual Studio Version 17
VisualStudioVersion = 17.5.33414.496
MinimumVisualStudioVersion = 10.0.40219.1
Project("{8BC9CEB8-8B4A-11D0-8D11-00A0C91BC942}") = "E5.02-Dijkstra", "E5.02-Dijkstra.vcxproj", "{79288021-62DD-46B6-903F-2867A2874812}"
EndProject
Global
	GlobalSection(SolutionConfigurationPlatforms) = preSolution
		Debug|x64 = Debug|x64
		Debug|x86 = Debug|x86
		Release|x64 = Release|x64
		Release|x86 = Release|x86
	EndGlobalSection
	GlobalSection(ProjectConfigurationPlatforms) = postSolution
		{79288021-62DD-46B6-903F-2867A2874812}.Debug|x64.ActiveCfg = Debug|x64
		{79288021-62DD-46B6-903F-2867A2874812}.Debug|x64.Build.0 = Debug|x64
		{79288021-62DD-46B6-903F-2867A2874812}.Debug|x86.ActiveCfg = Debug|Win32
		{79288021-62DD-46B6-903F-2867A2874812}.Debug|x86.Build.0 = Debug|Win32
		{79288021-62DD-46B6-903F-2867A2874812}.Release|x64.ActiveCfg = Release|x64
		{79288021-62DD-46B6-903F-2867A2874812}.Release|x64.Build.0 = Release|x64
		{79288021-62DD-46B6-903F-2867A2874812}.Release|x86.ActiveCfg = Release|Win32
		{79288021-62DD-46B6-903F-2867A2874812}.Release|x86.Build.0 = Release|Win32
	EndGlobalSection
	GlobalSection(SolutionProperties) = preSolution
		HideSolutionNode = FALSE
	EndGlobalSection
	GlobalSection(ExtensibilityGlobals) = postSolution
		SolutionGuid = {3B431548-6523-49CD-9A17-BE30A72F7100}
	EndGlobalSection
EndGlobal
